Microsoft Visual Studio Solution File, Format Version 12.00
# Visual Studio Version 17
VisualStudioVersion = 17.3.32819.101
MinimumVisualStudioVersion = 10.0.40219.1
Project("{2150E333-8FDC-42A3-9474-1A3956D46DE8}") = "test", "test", "{0E3C5885-15E6-4F5F-8D2C-088A0E255666}"
EndProject
Project("{9A19103F-16F7-4668-BE54-9A1E7A4F7556}") = "WebForms", "src\WebForms\WebForms.csproj", "{5020FD4F-BA42-4057-8D3F-66A0AB233895}"
EndProject
Project("{2150E333-8FDC-42A3-9474-1A3956D46DE8}") = "src", "src", "{D3D2945C-76BA-4DE3-90D2-259E2B1406C5}"
EndProject
Project("{9A19103F-16F7-4668-BE54-9A1E7A4F7556}") = "Handlers", "src\Handlers\Handlers.csproj", "{A8FC25D7-17C3-4822-955B-C2E5426C87BB}"
EndProject
Project("{9A19103F-16F7-4668-BE54-9A1E7A4F7556}") = "Webforms.Tests", "test\Webforms.Tests\Webforms.Tests.csproj", "{A8186D39-0E3D-4CA5-BF64-0414CACC18A6}"
EndProject
Project("{2150E333-8FDC-42A3-9474-1A3956D46DE8}") = "samples", "samples", "{97FC5E53-F4F6-40BE-9927-2D2EB1DC01D9}"
	ProjectSection(SolutionItems) = preProject
		samples\Directory.Build.props = samples\Directory.Build.props
		samples\Directory.Build.targets = samples\Directory.Build.targets
	EndProjectSection
EndProject
Project("{2150E333-8FDC-42A3-9474-1A3956D46DE8}") = "Solution Items", "Solution Items", "{ED177FFB-95F7-4040-8984-98A667711A55}"
	ProjectSection(SolutionItems) = preProject
		Directory.Build.props = Directory.Build.props
		Directory.Build.targets = Directory.Build.targets
		global.json = global.json
		nuget.config = nuget.config
		README.md = README.md
	EndProjectSection
EndProject
Project("{9A19103F-16F7-4668-BE54-9A1E7A4F7556}") = "sr-extractor", "tools\sr-extractor\sr-extractor.csproj", "{80A01426-CA8A-45AF-8A95-B17B3763CB91}"
EndProject
Project("{2150E333-8FDC-42A3-9474-1A3956D46DE8}") = "tools", "tools", "{23A5C92F-7ED5-43A1-AF04-082FBB0F8AB8}"
EndProject
Project("{9A19103F-16F7-4668-BE54-9A1E7A4F7556}") = "Extensions", "src\Extensions\Extensions.csproj", "{DA9490DF-5043-46B4-A83E-9B8FC03DC191}"
EndProject
Project("{9A19103F-16F7-4668-BE54-9A1E7A4F7556}") = "Config", "src\Config\Config.csproj", "{33E6BFE4-8BCD-4349-92D8-367CCCB3B101}"
EndProject
Project("{9A19103F-16F7-4668-BE54-9A1E7A4F7556}") = "Optimization", "src\Optimization\Optimization.csproj", "{CBCFE973-D019-4D6C-A5CA-DC935CA41268}"
EndProject
Project("{9A19103F-16F7-4668-BE54-9A1E7A4F7556}") = "aspnet_compiler", "tools\aspnet_compiler\aspnet_compiler.csproj", "{0558DDA6-2E01-4859-ACFF-63AC5DFE96F9}"
EndProject
Project("{9A19103F-16F7-4668-BE54-9A1E7A4F7556}") = "Compiler", "src\Compiler\Compiler.csproj", "{F28F52CB-99B3-4F84-BC78-70408816C412}"
EndProject
Project("{9A19103F-16F7-4668-BE54-9A1E7A4F7556}") = "Compiler.Dynamic", "src\Compiler.Dynamic\Compiler.Dynamic.csproj", "{F5C18E7C-8459-4256-85FD-C1FD37717993}"
EndProject
Project("{9A19103F-16F7-4668-BE54-9A1E7A4F7556}") = "TypeDumper", "tools\TypeDumper\TypeDumper.csproj", "{422599A9-8812-476E-BB23-5C5EA2C6339C}"
EndProject
Project("{9A19103F-16F7-4668-BE54-9A1E7A4F7556}") = "Shim", "src\Shim\Shim.csproj", "{6BF8D296-2C69-4385-9D95-F28F32BFAF9D}"
EndProject
Project("{9A19103F-16F7-4668-BE54-9A1E7A4F7556}") = "HtmlTextWriter", "src\HtmlTextWriter\HtmlTextWriter.csproj", "{524EE349-51CA-4C4B-B397-97FCBDF7AB25}"
EndProject
Project("{9A19103F-16F7-4668-BE54-9A1E7A4F7556}") = "Compiler.Dynamic.Tests", "test\Compiler.Dynamic.Tests\Compiler.Dynamic.Tests.csproj", "{8392406E-4A1D-4312-9984-949F06F48C2A}"
EndProject
Project("{9A19103F-16F7-4668-BE54-9A1E7A4F7556}") = "WebFormsSample.Static", "samples\WebFormsSample\WebFormsSample.Static.csproj", "{A30912BE-1489-45A0-B264-DE7074406DED}"
EndProject
Project("{9A19103F-16F7-4668-BE54-9A1E7A4F7556}") = "WebFormsSample.Dynamic", "samples\WebFormsSample\WebFormsSample.Dynamic.csproj", "{1C7DF377-6558-4CB5-B329-23497B46F193}"
EndProject
Project("{9A19103F-16F7-4668-BE54-9A1E7A4F7556}") = "Routing", "src\Routing\Routing.csproj", "{D010AD40-A04C-4E70-B7D2-3AD9712F5125}"
EndProject
Project("{9A19103F-16F7-4668-BE54-9A1E7A4F7556}") = "Compiler.Generator", "src\Compiler.Generator\Compiler.Generator.csproj", "{A1F42156-C60C-4402-B925-97E59EC4CD24}"
EndProject
Project("{9A19103F-16F7-4668-BE54-9A1E7A4F7556}") = "WebFormsSample.Static.Interceptor", "samples\WebFormsSample\WebFormsSample.Static.Interceptor.csproj", "{D73FE3B9-7D52-45C1-84A7-ECAA23B913B1}"
EndProject
Project("{9A19103F-16F7-4668-BE54-9A1E7A4F7556}") = "WebFormsSample.Dynamic", "samples\WebFormsSample\WebFormsSample.Dynamic.csproj", "{1C7DF377-6558-4CB5-B329-23497B46F193}"
EndProject
Project("{9A19103F-16F7-4668-BE54-9A1E7A4F7556}") = "Routing", "src\Routing\Routing.csproj", "{D010AD40-A04C-4E70-B7D2-3AD9712F5125}"
EndProject
Global
	GlobalSection(SolutionConfigurationPlatforms) = preSolution
		Debug|Any CPU = Debug|Any CPU
		Release|Any CPU = Release|Any CPU
	EndGlobalSection
	GlobalSection(ProjectConfigurationPlatforms) = postSolution
		{5020FD4F-BA42-4057-8D3F-66A0AB233895}.Debug|Any CPU.ActiveCfg = Debug|Any CPU
		{5020FD4F-BA42-4057-8D3F-66A0AB233895}.Debug|Any CPU.Build.0 = Debug|Any CPU
		{5020FD4F-BA42-4057-8D3F-66A0AB233895}.Release|Any CPU.ActiveCfg = Release|Any CPU
		{5020FD4F-BA42-4057-8D3F-66A0AB233895}.Release|Any CPU.Build.0 = Release|Any CPU
		{A8FC25D7-17C3-4822-955B-C2E5426C87BB}.Debug|Any CPU.ActiveCfg = Debug|Any CPU
		{A8FC25D7-17C3-4822-955B-C2E5426C87BB}.Debug|Any CPU.Build.0 = Debug|Any CPU
		{A8FC25D7-17C3-4822-955B-C2E5426C87BB}.Release|Any CPU.ActiveCfg = Release|Any CPU
		{A8FC25D7-17C3-4822-955B-C2E5426C87BB}.Release|Any CPU.Build.0 = Release|Any CPU
		{A8186D39-0E3D-4CA5-BF64-0414CACC18A6}.Debug|Any CPU.ActiveCfg = Debug|Any CPU
		{A8186D39-0E3D-4CA5-BF64-0414CACC18A6}.Debug|Any CPU.Build.0 = Debug|Any CPU
		{A8186D39-0E3D-4CA5-BF64-0414CACC18A6}.Release|Any CPU.ActiveCfg = Release|Any CPU
		{A8186D39-0E3D-4CA5-BF64-0414CACC18A6}.Release|Any CPU.Build.0 = Release|Any CPU
		{80A01426-CA8A-45AF-8A95-B17B3763CB91}.Debug|Any CPU.ActiveCfg = Debug|Any CPU
		{80A01426-CA8A-45AF-8A95-B17B3763CB91}.Debug|Any CPU.Build.0 = Debug|Any CPU
		{80A01426-CA8A-45AF-8A95-B17B3763CB91}.Release|Any CPU.ActiveCfg = Release|Any CPU
		{80A01426-CA8A-45AF-8A95-B17B3763CB91}.Release|Any CPU.Build.0 = Release|Any CPU
		{DA9490DF-5043-46B4-A83E-9B8FC03DC191}.Debug|Any CPU.ActiveCfg = Debug|Any CPU
		{DA9490DF-5043-46B4-A83E-9B8FC03DC191}.Debug|Any CPU.Build.0 = Debug|Any CPU
		{DA9490DF-5043-46B4-A83E-9B8FC03DC191}.Release|Any CPU.ActiveCfg = Release|Any CPU
		{DA9490DF-5043-46B4-A83E-9B8FC03DC191}.Release|Any CPU.Build.0 = Release|Any CPU
		{33E6BFE4-8BCD-4349-92D8-367CCCB3B101}.Debug|Any CPU.ActiveCfg = Debug|Any CPU
		{33E6BFE4-8BCD-4349-92D8-367CCCB3B101}.Debug|Any CPU.Build.0 = Debug|Any CPU
		{33E6BFE4-8BCD-4349-92D8-367CCCB3B101}.Release|Any CPU.ActiveCfg = Release|Any CPU
		{33E6BFE4-8BCD-4349-92D8-367CCCB3B101}.Release|Any CPU.Build.0 = Release|Any CPU
		{CBCFE973-D019-4D6C-A5CA-DC935CA41268}.Debug|Any CPU.ActiveCfg = Debug|Any CPU
		{CBCFE973-D019-4D6C-A5CA-DC935CA41268}.Debug|Any CPU.Build.0 = Debug|Any CPU
		{CBCFE973-D019-4D6C-A5CA-DC935CA41268}.Release|Any CPU.ActiveCfg = Release|Any CPU
		{CBCFE973-D019-4D6C-A5CA-DC935CA41268}.Release|Any CPU.Build.0 = Release|Any CPU
		{0558DDA6-2E01-4859-ACFF-63AC5DFE96F9}.Debug|Any CPU.ActiveCfg = Debug|Any CPU
		{0558DDA6-2E01-4859-ACFF-63AC5DFE96F9}.Debug|Any CPU.Build.0 = Debug|Any CPU
		{0558DDA6-2E01-4859-ACFF-63AC5DFE96F9}.Release|Any CPU.ActiveCfg = Release|Any CPU
		{0558DDA6-2E01-4859-ACFF-63AC5DFE96F9}.Release|Any CPU.Build.0 = Release|Any CPU
		{F28F52CB-99B3-4F84-BC78-70408816C412}.Debug|Any CPU.ActiveCfg = Debug|Any CPU
		{F28F52CB-99B3-4F84-BC78-70408816C412}.Debug|Any CPU.Build.0 = Debug|Any CPU
		{F28F52CB-99B3-4F84-BC78-70408816C412}.Release|Any CPU.ActiveCfg = Release|Any CPU
		{F28F52CB-99B3-4F84-BC78-70408816C412}.Release|Any CPU.Build.0 = Release|Any CPU
		{F5C18E7C-8459-4256-85FD-C1FD37717993}.Debug|Any CPU.ActiveCfg = Debug|Any CPU
		{F5C18E7C-8459-4256-85FD-C1FD37717993}.Debug|Any CPU.Build.0 = Debug|Any CPU
		{F5C18E7C-8459-4256-85FD-C1FD37717993}.Release|Any CPU.ActiveCfg = Release|Any CPU
		{F5C18E7C-8459-4256-85FD-C1FD37717993}.Release|Any CPU.Build.0 = Release|Any CPU
		{422599A9-8812-476E-BB23-5C5EA2C6339C}.Debug|Any CPU.ActiveCfg = Debug|Any CPU
		{422599A9-8812-476E-BB23-5C5EA2C6339C}.Debug|Any CPU.Build.0 = Debug|Any CPU
		{422599A9-8812-476E-BB23-5C5EA2C6339C}.Release|Any CPU.ActiveCfg = Release|Any CPU
		{422599A9-8812-476E-BB23-5C5EA2C6339C}.Release|Any CPU.Build.0 = Release|Any CPU
		{6BF8D296-2C69-4385-9D95-F28F32BFAF9D}.Debug|Any CPU.ActiveCfg = Debug|Any CPU
		{6BF8D296-2C69-4385-9D95-F28F32BFAF9D}.Debug|Any CPU.Build.0 = Debug|Any CPU
		{6BF8D296-2C69-4385-9D95-F28F32BFAF9D}.Release|Any CPU.ActiveCfg = Release|Any CPU
		{6BF8D296-2C69-4385-9D95-F28F32BFAF9D}.Release|Any CPU.Build.0 = Release|Any CPU
		{524EE349-51CA-4C4B-B397-97FCBDF7AB25}.Debug|Any CPU.ActiveCfg = Debug|Any CPU
		{524EE349-51CA-4C4B-B397-97FCBDF7AB25}.Debug|Any CPU.Build.0 = Debug|Any CPU
		{524EE349-51CA-4C4B-B397-97FCBDF7AB25}.Release|Any CPU.ActiveCfg = Release|Any CPU
		{524EE349-51CA-4C4B-B397-97FCBDF7AB25}.Release|Any CPU.Build.0 = Release|Any CPU
		{8392406E-4A1D-4312-9984-949F06F48C2A}.Debug|Any CPU.ActiveCfg = Debug|Any CPU
		{8392406E-4A1D-4312-9984-949F06F48C2A}.Debug|Any CPU.Build.0 = Debug|Any CPU
		{8392406E-4A1D-4312-9984-949F06F48C2A}.Release|Any CPU.ActiveCfg = Release|Any CPU
		{8392406E-4A1D-4312-9984-949F06F48C2A}.Release|Any CPU.Build.0 = Release|Any CPU
		{A30912BE-1489-45A0-B264-DE7074406DED}.Debug|Any CPU.ActiveCfg = Debug|Any CPU
		{A30912BE-1489-45A0-B264-DE7074406DED}.Debug|Any CPU.Build.0 = Debug|Any CPU
		{A30912BE-1489-45A0-B264-DE7074406DED}.Release|Any CPU.ActiveCfg = Release|Any CPU
		{A30912BE-1489-45A0-B264-DE7074406DED}.Release|Any CPU.Build.0 = Release|Any CPU
		{1C7DF377-6558-4CB5-B329-23497B46F193}.Debug|Any CPU.ActiveCfg = Debug|Any CPU
		{1C7DF377-6558-4CB5-B329-23497B46F193}.Debug|Any CPU.Build.0 = Debug|Any CPU
		{1C7DF377-6558-4CB5-B329-23497B46F193}.Release|Any CPU.ActiveCfg = Release|Any CPU
		{1C7DF377-6558-4CB5-B329-23497B46F193}.Release|Any CPU.Build.0 = Release|Any CPU
		{D010AD40-A04C-4E70-B7D2-3AD9712F5125}.Debug|Any CPU.ActiveCfg = Debug|Any CPU
		{D010AD40-A04C-4E70-B7D2-3AD9712F5125}.Debug|Any CPU.Build.0 = Debug|Any CPU
		{D010AD40-A04C-4E70-B7D2-3AD9712F5125}.Release|Any CPU.ActiveCfg = Release|Any CPU
		{D010AD40-A04C-4E70-B7D2-3AD9712F5125}.Release|Any CPU.Build.0 = Release|Any CPU
		{A1F42156-C60C-4402-B925-97E59EC4CD24}.Debug|Any CPU.ActiveCfg = Debug|Any CPU
		{A1F42156-C60C-4402-B925-97E59EC4CD24}.Debug|Any CPU.Build.0 = Debug|Any CPU
		{A1F42156-C60C-4402-B925-97E59EC4CD24}.Release|Any CPU.ActiveCfg = Release|Any CPU
		{A1F42156-C60C-4402-B925-97E59EC4CD24}.Release|Any CPU.Build.0 = Release|Any CPU
		{D73FE3B9-7D52-45C1-84A7-ECAA23B913B1}.Debug|Any CPU.ActiveCfg = Debug|Any CPU
		{D73FE3B9-7D52-45C1-84A7-ECAA23B913B1}.Debug|Any CPU.Build.0 = Debug|Any CPU
		{D73FE3B9-7D52-45C1-84A7-ECAA23B913B1}.Release|Any CPU.ActiveCfg = Release|Any CPU
		{D73FE3B9-7D52-45C1-84A7-ECAA23B913B1}.Release|Any CPU.Build.0 = Release|Any CPU
	EndGlobalSection
	GlobalSection(SolutionProperties) = preSolution
		HideSolutionNode = FALSE
	EndGlobalSection
	GlobalSection(NestedProjects) = preSolution
		{5020FD4F-BA42-4057-8D3F-66A0AB233895} = {D3D2945C-76BA-4DE3-90D2-259E2B1406C5}
		{A8FC25D7-17C3-4822-955B-C2E5426C87BB} = {D3D2945C-76BA-4DE3-90D2-259E2B1406C5}
		{A8186D39-0E3D-4CA5-BF64-0414CACC18A6} = {0E3C5885-15E6-4F5F-8D2C-088A0E255666}
		{80A01426-CA8A-45AF-8A95-B17B3763CB91} = {23A5C92F-7ED5-43A1-AF04-082FBB0F8AB8}
		{DA9490DF-5043-46B4-A83E-9B8FC03DC191} = {D3D2945C-76BA-4DE3-90D2-259E2B1406C5}
		{33E6BFE4-8BCD-4349-92D8-367CCCB3B101} = {D3D2945C-76BA-4DE3-90D2-259E2B1406C5}
		{CBCFE973-D019-4D6C-A5CA-DC935CA41268} = {D3D2945C-76BA-4DE3-90D2-259E2B1406C5}
		{0558DDA6-2E01-4859-ACFF-63AC5DFE96F9} = {23A5C92F-7ED5-43A1-AF04-082FBB0F8AB8}
		{F28F52CB-99B3-4F84-BC78-70408816C412} = {D3D2945C-76BA-4DE3-90D2-259E2B1406C5}
		{F5C18E7C-8459-4256-85FD-C1FD37717993} = {D3D2945C-76BA-4DE3-90D2-259E2B1406C5}
		{422599A9-8812-476E-BB23-5C5EA2C6339C} = {23A5C92F-7ED5-43A1-AF04-082FBB0F8AB8}
		{6BF8D296-2C69-4385-9D95-F28F32BFAF9D} = {D3D2945C-76BA-4DE3-90D2-259E2B1406C5}
		{524EE349-51CA-4C4B-B397-97FCBDF7AB25} = {D3D2945C-76BA-4DE3-90D2-259E2B1406C5}
		{8392406E-4A1D-4312-9984-949F06F48C2A} = {0E3C5885-15E6-4F5F-8D2C-088A0E255666}
		{A30912BE-1489-45A0-B264-DE7074406DED} = {97FC5E53-F4F6-40BE-9927-2D2EB1DC01D9}
		{1C7DF377-6558-4CB5-B329-23497B46F193} = {97FC5E53-F4F6-40BE-9927-2D2EB1DC01D9}
		{D010AD40-A04C-4E70-B7D2-3AD9712F5125} = {D3D2945C-76BA-4DE3-90D2-259E2B1406C5}
		{A1F42156-C60C-4402-B925-97E59EC4CD24} = {D3D2945C-76BA-4DE3-90D2-259E2B1406C5}
		{D73FE3B9-7D52-45C1-84A7-ECAA23B913B1} = {97FC5E53-F4F6-40BE-9927-2D2EB1DC01D9}
	EndGlobalSection
	GlobalSection(ExtensibilityGlobals) = postSolution
		SolutionGuid = {B89024DA-2E51-49B1-8D52-651372AB5C83}
	EndGlobalSection
EndGlobal
